
Microsoft Visual Studio Solution File, Format Version 12.00
# Visual Studio Version 17
VisualStudioVersion = 17.7.34202.233
MinimumVisualStudioVersion = 10.0.40219.1
Project("{FAE04EC0-301F-11D3-BF4B-00C04F79EFBC}") = "LISA-Server", "LISA-Server\LISA-Server.csproj", "{9F44B1D8-FADC-4F3A-B183-2591153247BC}"
EndProject
Global
	GlobalSection(SolutionConfigurationPlatforms) = preSolution
		Debug|Any CPU = Debug|Any CPU
		Release|Any CPU = Release|Any CPU
	EndGlobalSection
	GlobalSection(ProjectConfigurationPlatforms) = postSolution
		{9F44B1D8-FADC-4F3A-B183-2591153247BC}.Debug|Any CPU.ActiveCfg = Debug|Any CPU
		{9F44B1D8-FADC-4F3A-B183-2591153247BC}.Debug|Any CPU.Build.0 = Debug|Any CPU
		{9F44B1D8-FADC-4F3A-B183-2591153247BC}.Release|Any CPU.ActiveCfg = Release|Any CPU
		{9F44B1D8-FADC-4F3A-B183-2591153247BC}.Release|Any CPU.Build.0 = Release|Any CPU
	EndGlobalSection
	GlobalSection(SolutionProperties) = preSolution
		HideSolutionNode = FALSE
	EndGlobalSection
	GlobalSection(ExtensibilityGlobals) = postSolution
		SolutionGuid = {0CA94986-D1D0-4420-853C-356FCD267BF5}
	EndGlobalSection
EndGlobal
